
Microsoft Visual Studio Solution File, Format Version 12.00
# Visual Studio 14
VisualStudioVersion = 14.0.25420.1
MinimumVisualStudioVersion = 10.0.40219.1
Project("{D954291E-2A0B-460D-934E-DC6B0785DB48}") = "TicTacToe", "TicTacToe\TicTacToe.shproj", "{0DB467DB-F04A-49CA-883C-BECC3697288C}"
EndProject
Global
	GlobalSection(SharedMSBuildProjectFiles) = preSolution
		TicTacToe\TicTacToe.projitems*{0db467db-f04a-49ca-883c-becc3697288c}*SharedItemsImports = 13
	EndGlobalSection
	GlobalSection(SolutionProperties) = preSolution
		HideSolutionNode = FALSE
	EndGlobalSection
EndGlobal
